
Microsoft Visual Studio Solution File, Format Version 12.00
# Visual Studio Version 16
VisualStudioVersion = 16.0.30002.166
MinimumVisualStudioVersion = 10.0.40219.1
Project("{FAE04EC0-301F-11D3-BF4B-00C04F79EFBC}") = "BaseProjectMVC", "BaseProjectMVC\BaseProjectMVC.csproj", "{F389C5CB-65E8-4932-BF41-DB277D09BBB4}"
EndProject
Project("{FAE04EC0-301F-11D3-BF4B-00C04F79EFBC}") = "BaseProjectMVC.Tests", "BaseProjectMVC.Tests\BaseProjectMVC.Tests.csproj", "{4ED046CC-6069-409F-9BA1-0CD007F7142E}"
EndProject
Global
	GlobalSection(SolutionConfigurationPlatforms) = preSolution
		Debug|Any CPU = Debug|Any CPU
		Release|Any CPU = Release|Any CPU
	EndGlobalSection
	GlobalSection(ProjectConfigurationPlatforms) = postSolution
		{F389C5CB-65E8-4932-BF41-DB277D09BBB4}.Debug|Any CPU.ActiveCfg = Debug|Any CPU
		{F389C5CB-65E8-4932-BF41-DB277D09BBB4}.Debug|Any CPU.Build.0 = Debug|Any CPU
		{F389C5CB-65E8-4932-BF41-DB277D09BBB4}.Release|Any CPU.ActiveCfg = Release|Any CPU
		{F389C5CB-65E8-4932-BF41-DB277D09BBB4}.Release|Any CPU.Build.0 = Release|Any CPU
		{4ED046CC-6069-409F-9BA1-0CD007F7142E}.Debug|Any CPU.ActiveCfg = Debug|Any CPU
		{4ED046CC-6069-409F-9BA1-0CD007F7142E}.Debug|Any CPU.Build.0 = Debug|Any CPU
		{4ED046CC-6069-409F-9BA1-0CD007F7142E}.Release|Any CPU.ActiveCfg = Release|Any CPU
		{4ED046CC-6069-409F-9BA1-0CD007F7142E}.Release|Any CPU.Build.0 = Release|Any CPU
	EndGlobalSection
	GlobalSection(SolutionProperties) = preSolution
		HideSolutionNode = FALSE
	EndGlobalSection
	GlobalSection(ExtensibilityGlobals) = postSolution
		SolutionGuid = {F19BA868-F7B8-495B-A784-B60834488FDE}
	EndGlobalSection
EndGlobal
